
Microsoft Visual Studio Solution File, Format Version 12.00
# Visual Studio Version 17
VisualStudioVersion = 17.0.31903.59
MinimumVisualStudioVersion = 10.0.40219.1
Project("{FAE04EC0-301F-11D3-BF4B-00C04F79EFBC}") = "HealthRater.Core", "HealthRater.Core\HealthRater.Core.csproj", "{549C72EA-BACB-42B6-9952-A29F0FF0C2B7}"
EndProject
Project("{FAE04EC0-301F-11D3-BF4B-00C04F79EFBC}") = "HealthRater.Api", "HealthRater.Api\HealthRater.Api.csproj", "{DB96FF24-4FD7-470B-94A4-35FACF755DD8}"
EndProject
Project("{FAE04EC0-301F-11D3-BF4B-00C04F79EFBC}") = "HealthRater.Tests", "HealthRater.Tests\HealthRater.Tests.csproj", "{B78A2E5C-9616-4A7C-BDE7-0CB3C3B45ADC}"
EndProject
Global
	GlobalSection(SolutionConfigurationPlatforms) = preSolution
		Debug|Any CPU = Debug|Any CPU
		Release|Any CPU = Release|Any CPU
	EndGlobalSection
	GlobalSection(SolutionProperties) = preSolution
		HideSolutionNode = FALSE
	EndGlobalSection
	GlobalSection(ProjectConfigurationPlatforms) = postSolution
		{549C72EA-BACB-42B6-9952-A29F0FF0C2B7}.Debug|Any CPU.ActiveCfg = Debug|Any CPU
		{549C72EA-BACB-42B6-9952-A29F0FF0C2B7}.Debug|Any CPU.Build.0 = Debug|Any CPU
		{549C72EA-BACB-42B6-9952-A29F0FF0C2B7}.Release|Any CPU.ActiveCfg = Release|Any CPU
		{549C72EA-BACB-42B6-9952-A29F0FF0C2B7}.Release|Any CPU.Build.0 = Release|Any CPU
		{DB96FF24-4FD7-470B-94A4-35FACF755DD8}.Debug|Any CPU.ActiveCfg = Debug|Any CPU
		{DB96FF24-4FD7-470B-94A4-35FACF755DD8}.Debug|Any CPU.Build.0 = Debug|Any CPU
		{DB96FF24-4FD7-470B-94A4-35FACF755DD8}.Release|Any CPU.ActiveCfg = Release|Any CPU
		{DB96FF24-4FD7-470B-94A4-35FACF755DD8}.Release|Any CPU.Build.0 = Release|Any CPU
		{B78A2E5C-9616-4A7C-BDE7-0CB3C3B45ADC}.Debug|Any CPU.ActiveCfg = Debug|Any CPU
		{B78A2E5C-9616-4A7C-BDE7-0CB3C3B45ADC}.Debug|Any CPU.Build.0 = Debug|Any CPU
		{B78A2E5C-9616-4A7C-BDE7-0CB3C3B45ADC}.Release|Any CPU.ActiveCfg = Release|Any CPU
		{B78A2E5C-9616-4A7C-BDE7-0CB3C3B45ADC}.Release|Any CPU.Build.0 = Release|Any CPU
	EndGlobalSection
EndGlobal
